# @generated - this file is auto-generated by `mise lock` https://mise.en.dev/dev-tools/mise-lock.html

[[tools."github:eljulians/skillfile"]]
version = "1.6.2"
backend = "github:eljulians/skillfile"

[tools."github:eljulians/skillfile"."platforms.linux-arm64"]
checksum = "sha256:bd71e7e7ee45de688ea1a5a91eadb69cc600c73ac1385bfe303019b3f595b43a"
url = "https://github.com/eljulians/skillfile/releases/download/v1.6.2/skillfile-aarch64-linux"
url_api = "https://api.github.com/repos/eljulians/skillfile/releases/assets/417570454"

[tools."github:eljulians/skillfile"."platforms.linux-arm64-musl"]
checksum = "sha256:bd71e7e7ee45de688ea1a5a91eadb69cc600c73ac1385bfe303019b3f595b43a"
url = "https://github.com/eljulians/skillfile/releases/download/v1.6.2/skillfile-aarch64-linux"
url_api = "https://api.github.com/repos/eljulians/skillfile/releases/assets/417570454"

[tools."github:eljulians/skillfile"."platforms.linux-x64"]
checksum = "sha256:2cf62ad1a5d8742d4be9310a1c5737980bf9d3c6496d5ff5dd35a11ea7cf561d"
url = "https://github.com/eljulians/skillfile/releases/download/v1.6.2/skillfile-x86_64-linux"
url_api = "https://api.github.com/repos/eljulians/skillfile/releases/assets/417570458"

[tools."github:eljulians/skillfile"."platforms.linux-x64-musl"]
checksum = "sha256:2cf62ad1a5d8742d4be9310a1c5737980bf9d3c6496d5ff5dd35a11ea7cf561d"
url = "https://github.com/eljulians/skillfile/releases/download/v1.6.2/skillfile-x86_64-linux"
url_api = "https://api.github.com/repos/eljulians/skillfile/releases/assets/417570458"

[tools."github:eljulians/skillfile"."platforms.macos-arm64"]
checksum = "sha256:5eb1aceb4bdf6d3200a627e5a12315881fff7863a98e13186466f8713649ac38"
url = "https://github.com/eljulians/skillfile/releases/download/v1.6.2/skillfile-aarch64-macos"
url_api = "https://api.github.com/repos/eljulians/skillfile/releases/assets/417570455"

[tools."github:eljulians/skillfile"."platforms.macos-x64"]
checksum = "sha256:65e48119b3191e944c08204ef62bf42926d402846cc9fd7ba8e80eff7a3464f1"
url = "https://github.com/eljulians/skillfile/releases/download/v1.6.2/skillfile-x86_64-macos"
url_api = "https://api.github.com/repos/eljulians/skillfile/releases/assets/417570459"

[tools."github:eljulians/skillfile"."platforms.windows-x64"]
checksum = "sha256:d755e4b471269f3b1fb202180654554e6c9012de4f2cf811a4d4d7bf749a7933"
url = "https://github.com/eljulians/skillfile/releases/download/v1.6.2/skillfile-x86_64-windows.exe"
url_api = "https://api.github.com/repos/eljulians/skillfile/releases/assets/417570453"

[[tools."github:microsoft/apm"]]
version = "0.18.0"
backend = "github:microsoft/apm"

[tools."github:microsoft/apm"."platforms.linux-arm64"]
checksum = "sha256:dee91b530ec2a28832cd52dda3c303ba3647c726b2caf90f2f53118c4a79e993"
url = "https://github.com/microsoft/apm/releases/download/v0.18.0/apm-linux-arm64.tar.gz"
url_api = "https://api.github.com/repos/microsoft/apm/releases/assets/438411429"

[tools."github:microsoft/apm"."platforms.linux-arm64-musl"]
checksum = "sha256:dee91b530ec2a28832cd52dda3c303ba3647c726b2caf90f2f53118c4a79e993"
url = "https://github.com/microsoft/apm/releases/download/v0.18.0/apm-linux-arm64.tar.gz"
url_api = "https://api.github.com/repos/microsoft/apm/releases/assets/438411429"

[tools."github:microsoft/apm"."platforms.linux-x64"]
checksum = "sha256:9724f09627243bd5a1aeb7cb07616469718e36d20dd4430d0e6ee5a3046ab09a"
url = "https://github.com/microsoft/apm/releases/download/v0.18.0/apm-linux-x86_64.tar.gz"
url_api = "https://api.github.com/repos/microsoft/apm/releases/assets/438411430"

[tools."github:microsoft/apm"."platforms.linux-x64-musl"]
checksum = "sha256:9724f09627243bd5a1aeb7cb07616469718e36d20dd4430d0e6ee5a3046ab09a"
url = "https://github.com/microsoft/apm/releases/download/v0.18.0/apm-linux-x86_64.tar.gz"
url_api = "https://api.github.com/repos/microsoft/apm/releases/assets/438411430"

[tools."github:microsoft/apm"."platforms.macos-arm64"]
checksum = "sha256:6a22511e16559e54d96fcc11fb8599dc5c2ffb79cff136560a4d46d45b4cd099"
url = "https://github.com/microsoft/apm/releases/download/v0.18.0/apm-darwin-arm64.tar.gz"
url_api = "https://api.github.com/repos/microsoft/apm/releases/assets/438411431"

[tools."github:microsoft/apm"."platforms.macos-x64"]
checksum = "sha256:e2702a163182f771d81927371f5978bfe3ca051a8d7509db35c0814513636b58"
url = "https://github.com/microsoft/apm/releases/download/v0.18.0/apm-darwin-x86_64.tar.gz"
url_api = "https://api.github.com/repos/microsoft/apm/releases/assets/438411428"

[tools."github:microsoft/apm"."platforms.windows-x64"]
checksum = "sha256:713fcf1613fc190a01485ddbc5cd07aee8cfd942e87e04489e989ee0a4691e5e"
url = "https://github.com/microsoft/apm/releases/download/v0.18.0/apm-windows-x86_64.zip"
url_api = "https://api.github.com/repos/microsoft/apm/releases/assets/438411427"

[[tools."pipx:git+https://github.com/github/spec-kit.git"]]
version = "v0.10.2"
backend = "pipx:git+https://github.com/github/spec-kit.git"

[[tools.uv]]
version = "0.11.20"
backend = "aqua:astral-sh/uv"

[tools.uv."platforms.linux-arm64"]
checksum = "sha256:79931fc8e82dddff6eb9cab32aa8492e35bc22767322dd68cad36012411ae6d5"
url = "https://github.com/astral-sh/uv/releases/download/0.11.20/uv-aarch64-unknown-linux-musl.tar.gz"
provenance = "github-attestations"

[tools.uv."platforms.linux-arm64-musl"]
checksum = "sha256:79931fc8e82dddff6eb9cab32aa8492e35bc22767322dd68cad36012411ae6d5"
url = "https://github.com/astral-sh/uv/releases/download/0.11.20/uv-aarch64-unknown-linux-musl.tar.gz"
provenance = "github-attestations"

[tools.uv."platforms.linux-x64"]
checksum = "sha256:a7545a1360d29baa696753af2f41849047b332bcb90e8ea75ad0568e7f865e35"
url = "https://github.com/astral-sh/uv/releases/download/0.11.20/uv-x86_64-unknown-linux-musl.tar.gz"
provenance = "github-attestations"

[tools.uv."platforms.linux-x64-musl"]
checksum = "sha256:a7545a1360d29baa696753af2f41849047b332bcb90e8ea75ad0568e7f865e35"
url = "https://github.com/astral-sh/uv/releases/download/0.11.20/uv-x86_64-unknown-linux-musl.tar.gz"
provenance = "github-attestations"

[tools.uv."platforms.macos-arm64"]
checksum = "sha256:0a2b6a757d5693671a7ce0002554ae869604e1e69acb10313ac14d08374be01a"
url = "https://github.com/astral-sh/uv/releases/download/0.11.20/uv-aarch64-apple-darwin.tar.gz"
provenance = "github-attestations"

[tools.uv."platforms.macos-x64"]
checksum = "sha256:bef01a86faab997f6022b45cfa29bfc5b090f2f72cd4a91d2ecefe641efdabe7"
url = "https://github.com/astral-sh/uv/releases/download/0.11.20/uv-x86_64-apple-darwin.tar.gz"
provenance = "github-attestations"

[tools.uv."platforms.windows-x64"]
checksum = "sha256:4c281f1b6b9ccb14d9567ebde9a218a7cabfb35e5ffe8c1d4ef5e2821a655474"
url = "https://github.com/astral-sh/uv/releases/download/0.11.20/uv-x86_64-pc-windows-msvc.zip"
provenance = "github-attestations"
