# @generated - this file is auto-generated by `mise lock` https://mise.en.dev/dev-tools/mise-lock.html

[[tools."github:eljulians/skillfile"]]
version = "1.7.1"
backend = "github:eljulians/skillfile"

[tools."github:eljulians/skillfile"."platforms.linux-arm64"]
checksum = "sha256:fdf83b76b39c08f52f11635490945e320eb7bb238a94165e6fb6be2aaa7d0cfd"
url = "https://github.com/eljulians/skillfile/releases/download/v1.7.1/skillfile-aarch64-linux"
url_api = "https://api.github.com/repos/eljulians/skillfile/releases/assets/436173693"

[tools."github:eljulians/skillfile"."platforms.linux-arm64-musl"]
checksum = "sha256:fdf83b76b39c08f52f11635490945e320eb7bb238a94165e6fb6be2aaa7d0cfd"
url = "https://github.com/eljulians/skillfile/releases/download/v1.7.1/skillfile-aarch64-linux"
url_api = "https://api.github.com/repos/eljulians/skillfile/releases/assets/436173693"

[tools."github:eljulians/skillfile"."platforms.linux-x64"]
checksum = "sha256:e8510c363348f175e35c0455f4a3e3b83f20ef9fb65fa68bd7366f20db61f0ab"
url = "https://github.com/eljulians/skillfile/releases/download/v1.7.1/skillfile-x86_64-linux"
url_api = "https://api.github.com/repos/eljulians/skillfile/releases/assets/436173690"

[tools."github:eljulians/skillfile"."platforms.linux-x64-musl"]
checksum = "sha256:e8510c363348f175e35c0455f4a3e3b83f20ef9fb65fa68bd7366f20db61f0ab"
url = "https://github.com/eljulians/skillfile/releases/download/v1.7.1/skillfile-x86_64-linux"
url_api = "https://api.github.com/repos/eljulians/skillfile/releases/assets/436173690"

[tools."github:eljulians/skillfile"."platforms.macos-arm64"]
checksum = "sha256:f764bb9a6baa625c3a7265edbeb73860e780510df4441dfdd363c4b102cad5fb"
url = "https://github.com/eljulians/skillfile/releases/download/v1.7.1/skillfile-aarch64-macos"
url_api = "https://api.github.com/repos/eljulians/skillfile/releases/assets/436173688"

[tools."github:eljulians/skillfile"."platforms.macos-x64"]
checksum = "sha256:08b07fe35744e837921fc9ee0bedd3165289f65d981f9535e680cc2a02ac497a"
url = "https://github.com/eljulians/skillfile/releases/download/v1.7.1/skillfile-x86_64-macos"
url_api = "https://api.github.com/repos/eljulians/skillfile/releases/assets/436173691"

[tools."github:eljulians/skillfile"."platforms.windows-x64"]
checksum = "sha256:246aeae5dfd6019907a9700828aa8782e49515cf5dee0055c11cb9d136ab0bad"
url = "https://github.com/eljulians/skillfile/releases/download/v1.7.1/skillfile-x86_64-windows.exe"
url_api = "https://api.github.com/repos/eljulians/skillfile/releases/assets/436173692"

[[tools."github:microsoft/apm"]]
version = "0.23.1"
backend = "github:microsoft/apm"

[tools."github:microsoft/apm"."platforms.linux-arm64"]
checksum = "sha256:6b8805bb29ab75ede1ac5f4c395d71998161bfc52c884c4395c2c71e3c625631"
url = "https://github.com/microsoft/apm/releases/download/v0.23.1/apm-linux-arm64.tar.gz"
url_api = "https://api.github.com/repos/microsoft/apm/releases/assets/462118376"

[tools."github:microsoft/apm"."platforms.linux-arm64-musl"]
checksum = "sha256:6b8805bb29ab75ede1ac5f4c395d71998161bfc52c884c4395c2c71e3c625631"
url = "https://github.com/microsoft/apm/releases/download/v0.23.1/apm-linux-arm64.tar.gz"
url_api = "https://api.github.com/repos/microsoft/apm/releases/assets/462118376"

[tools."github:microsoft/apm"."platforms.linux-x64"]
checksum = "sha256:d37330e1d662a46fe5c510350731da9f5716626b7ebf2eab7b7368148e15f17e"
url = "https://github.com/microsoft/apm/releases/download/v0.23.1/apm-linux-x86_64.tar.gz"
url_api = "https://api.github.com/repos/microsoft/apm/releases/assets/462118372"

[tools."github:microsoft/apm"."platforms.linux-x64-musl"]
checksum = "sha256:d37330e1d662a46fe5c510350731da9f5716626b7ebf2eab7b7368148e15f17e"
url = "https://github.com/microsoft/apm/releases/download/v0.23.1/apm-linux-x86_64.tar.gz"
url_api = "https://api.github.com/repos/microsoft/apm/releases/assets/462118372"

[tools."github:microsoft/apm"."platforms.macos-arm64"]
checksum = "sha256:87e8feb2135cbfb8c537ad01d67f2306f048041ba648b5680f2988744af9b69f"
url = "https://github.com/microsoft/apm/releases/download/v0.23.1/apm-darwin-arm64.tar.gz"
url_api = "https://api.github.com/repos/microsoft/apm/releases/assets/462118375"

[tools."github:microsoft/apm"."platforms.macos-x64"]
checksum = "sha256:90f5f1f987f117e9d020f5682f852f4bf759fe1a31f0313522d52d01fec8bf08"
url = "https://github.com/microsoft/apm/releases/download/v0.23.1/apm-darwin-x86_64.tar.gz"
url_api = "https://api.github.com/repos/microsoft/apm/releases/assets/462118374"

[tools."github:microsoft/apm"."platforms.windows-x64"]
checksum = "sha256:18fd8c67ba762318fa7699bda3505e07960284626d2670202b801133c20d2cbc"
url = "https://github.com/microsoft/apm/releases/download/v0.23.1/apm-windows-x86_64.zip"
url_api = "https://api.github.com/repos/microsoft/apm/releases/assets/462118378"

[[tools."pipx:git+https://github.com/github/spec-kit.git"]]
version = "v0.12.4"
backend = "pipx:git+https://github.com/github/spec-kit.git"

[[tools.uv]]
version = "0.11.26"
backend = "aqua:astral-sh/uv"

[tools.uv."platforms.linux-arm64"]
checksum = "sha256:47418cfdb34b1ca42e503da72631ac8c475602e2411ac6c39aa84c2373fe6324"
url = "https://github.com/astral-sh/uv/releases/download/0.11.26/uv-aarch64-unknown-linux-musl.tar.gz"
provenance = "github-attestations"

[tools.uv."platforms.linux-arm64-musl"]
checksum = "sha256:47418cfdb34b1ca42e503da72631ac8c475602e2411ac6c39aa84c2373fe6324"
url = "https://github.com/astral-sh/uv/releases/download/0.11.26/uv-aarch64-unknown-linux-musl.tar.gz"
provenance = "github-attestations"

[tools.uv."platforms.linux-x64"]
checksum = "sha256:62bf1a53501adf4083224b69b33737450ac516935f5a5e483e9dfaf2665084de"
url = "https://github.com/astral-sh/uv/releases/download/0.11.26/uv-x86_64-unknown-linux-musl.tar.gz"
provenance = "github-attestations"

[tools.uv."platforms.linux-x64-musl"]
checksum = "sha256:62bf1a53501adf4083224b69b33737450ac516935f5a5e483e9dfaf2665084de"
url = "https://github.com/astral-sh/uv/releases/download/0.11.26/uv-x86_64-unknown-linux-musl.tar.gz"
provenance = "github-attestations"

[tools.uv."platforms.macos-arm64"]
checksum = "sha256:8f7fbf1708399b921857bce71e1d60f0d3ccf52a30caebc1c1a2f175dce13ab6"
url = "https://github.com/astral-sh/uv/releases/download/0.11.26/uv-aarch64-apple-darwin.tar.gz"
provenance = "github-attestations"

[tools.uv."platforms.macos-x64"]
checksum = "sha256:922b460202707dd5f4ccacbadbe7f6a546cc46e82a99bf50ca99a7977a78eddd"
url = "https://github.com/astral-sh/uv/releases/download/0.11.26/uv-x86_64-apple-darwin.tar.gz"
provenance = "github-attestations"

[tools.uv."platforms.windows-x64"]
checksum = "sha256:4e1278ede866be6c0bf32d2f466cc6de7a9fb399ecf20c9ce2d186e52424be47"
url = "https://github.com/astral-sh/uv/releases/download/0.11.26/uv-x86_64-pc-windows-msvc.zip"
provenance = "github-attestations"
