lockfile_version: '1'
generated_at: '2026-04-29T12:52:51.337099+00:00'
apm_version: 0.10.0
dependencies:
- repo_url: ComposioHQ/awesome-claude-skills
  host: github.com
  resolved_commit: 337b19e0ed1260790cdfa9c5229e74db2dc6c811
  resolved_ref: 337b19e0ed1260790cdfa9c5229e74db2dc6c811
  virtual_path: content-research-writer
  is_virtual: true
  package_type: claude_skill
  deployed_files:
  - .claude/skills/content-research-writer
  - .cursor/skills/content-research-writer
  - .github/skills/content-research-writer
  content_hash: sha256:de7e9085e875a651f209c826d1a5e7dd5f2436fb38fe565ef76b54492c1a0c22
- repo_url: ComposioHQ/awesome-claude-skills
  host: github.com
  resolved_commit: 337b19e0ed1260790cdfa9c5229e74db2dc6c811
  resolved_ref: 337b19e0ed1260790cdfa9c5229e74db2dc6c811
  virtual_path: video-downloader
  is_virtual: true
  package_type: claude_skill
  deployed_files:
  - .claude/skills/video-downloader
  - .cursor/skills/video-downloader
  - .github/skills/video-downloader
  content_hash: sha256:b5fdb1670fa368aeb3f7cd0842b4844ad7e5d077e2423ba39835bf27d9accbfe
- repo_url: aj-geddes/useful-ai-prompts
  host: github.com
  resolved_commit: 3f5182cfd739fc113f4af5244a1cf342ad7f7911
  resolved_ref: 3f5182cfd739fc113f4af5244a1cf342ad7f7911
  package_type: skill_bundle
  deployed_files:
  - .claude/skills/ab-test-analysis
  - .claude/skills/access-control-rbac
  - .claude/skills/accessibility-compliance
  - .claude/skills/accessibility-testing
  - .claude/skills/agile-sprint-planning
  - .claude/skills/alert-management
  - .claude/skills/android-kotlin-development
  - .claude/skills/angular-module-design
  - .claude/skills/anomaly-detection
  - .claude/skills/ansible-automation
  - .claude/skills/api-authentication
  - .claude/skills/api-changelog-versioning
  - .claude/skills/api-contract-testing
  - .claude/skills/api-error-handling
  - .claude/skills/api-filtering-sorting
  - .claude/skills/api-gateway-configuration
  - .claude/skills/api-pagination
  - .claude/skills/api-rate-limiting
  - .claude/skills/api-reference-documentation
  - .claude/skills/api-response-optimization
  - .claude/skills/api-security-hardening
  - .claude/skills/api-versioning-strategy
  - .claude/skills/app-store-deployment
  - .claude/skills/application-logging
  - .claude/skills/architecture-diagrams
  - .claude/skills/artifact-management
  - .claude/skills/autoscaling-configuration
  - .claude/skills/aws-cloudfront-cdn
  - .claude/skills/aws-ec2-setup
  - .claude/skills/aws-lambda-functions
  - .claude/skills/aws-rds-database
  - .claude/skills/aws-s3-management
  - .claude/skills/azure-app-service
  - .claude/skills/azure-functions
  - .claude/skills/background-job-processing
  - .claude/skills/backup-disaster-recovery
  - .claude/skills/batch-processing-jobs
  - .claude/skills/blue-green-deployment
  - .claude/skills/browser-debugging
  - .claude/skills/bundle-size-optimization
  - .claude/skills/business-case-development
  - .claude/skills/caching-strategy
  - .claude/skills/canary-deployment
  - .claude/skills/capacity-planning
  - .claude/skills/causal-inference
  - .claude/skills/changelog-maintenance
  - .claude/skills/cicd-pipeline-setup
  - .claude/skills/circuit-breaker-pattern
  - .claude/skills/classification-modeling
  - .claude/skills/cloud-cost-management
  - .claude/skills/cloud-migration-planning
  - .claude/skills/cloud-security-configuration
  - .claude/skills/cloud-storage-optimization
  - .claude/skills/clustering-analysis
  - .claude/skills/code-documentation
  - .claude/skills/code-generation-template
  - .claude/skills/code-metrics-analysis
  - .claude/skills/code-review-analysis
  - .claude/skills/cohort-analysis
  - .claude/skills/color-accessibility
  - .claude/skills/competitor-analysis
  - .claude/skills/computer-vision
  - .claude/skills/concurrency-patterns
  - .claude/skills/configuration-management
  - .claude/skills/container-debugging
  - .claude/skills/container-registry-management
  - .claude/skills/continuous-testing
  - .claude/skills/correlation-analysis
  - .claude/skills/correlation-tracing
  - .claude/skills/cpu-profiling
  - .claude/skills/cross-platform-compatibility
  - .claude/skills/csrf-protection
  - .claude/skills/css-architecture
  - .claude/skills/data-cleaning-pipeline
  - .claude/skills/data-encryption
  - .claude/skills/data-migration-scripts
  - .claude/skills/data-replication-setup
  - .claude/skills/data-visualization
  - .claude/skills/database-backup-restore
  - .claude/skills/database-indexing-strategy
  - .claude/skills/database-migration-management
  - .claude/skills/database-monitoring
  - .claude/skills/database-performance-debugging
  - .claude/skills/database-query-optimization
  - .claude/skills/database-schema-design
  - .claude/skills/database-schema-documentation
  - .claude/skills/database-sharding
  - .claude/skills/dependency-management
  - .claude/skills/dependency-tracking
  - .claude/skills/deployment-automation
  - .claude/skills/deployment-documentation
  - .claude/skills/design-handoff
  - .claude/skills/design-patterns-implementation
  - .claude/skills/design-system-creation
  - .claude/skills/developer-onboarding
  - .claude/skills/dimensionality-reduction
  - .claude/skills/disaster-recovery-testing
  - .claude/skills/distributed-tracing
  - .claude/skills/django-application
  - .claude/skills/dns-management
  - .claude/skills/docker-containerization
  - .claude/skills/documentation-site-setup
  - .claude/skills/e2e-testing-automation
  - .claude/skills/email-service-integration
  - .claude/skills/error-tracking
  - .claude/skills/event-sourcing
  - .claude/skills/exploratory-data-analysis
  - .claude/skills/fastapi-development
  - .claude/skills/feature-engineering
  - .claude/skills/feature-flag-system
  - .claude/skills/file-upload-handling
  - .claude/skills/flask-api-development
  - .claude/skills/flutter-development
  - .claude/skills/form-validation
  - .claude/skills/frontend-accessibility
  - .claude/skills/frontend-routing
  - .claude/skills/frontend-state-management
  - .claude/skills/frontend-testing
  - .claude/skills/funnel-analysis
  - .claude/skills/gap-analysis
  - .claude/skills/gcp-cloud-functions
  - .claude/skills/gcp-cloud-run
  - .claude/skills/git-hooks-setup
  - .claude/skills/git-workflow-strategy
  - .claude/skills/github-actions-workflow
  - .claude/skills/gitlab-cicd-pipeline
  - .claude/skills/graceful-shutdown
  - .claude/skills/grafana-dashboard
  - .claude/skills/graphql-implementation
  - .claude/skills/grpc-service-development
  - .claude/skills/health-check-endpoints
  - .claude/skills/idempotency-handling
  - .claude/skills/image-optimization
  - .claude/skills/incident-response-plan
  - .claude/skills/information-architecture
  - .claude/skills/infrastructure-cost-optimization
  - .claude/skills/infrastructure-monitoring
  - .claude/skills/integration-testing
  - .claude/skills/interaction-design
  - .claude/skills/intermittent-issue-debugging
  - .claude/skills/internationalization-i18n
  - .claude/skills/ios-swift-development
  - .claude/skills/jenkins-pipeline
  - .claude/skills/kpi-dashboard-design
  - .claude/skills/kubernetes-deployment
  - .claude/skills/load-balancer-setup
  - .claude/skills/log-aggregation
  - .claude/skills/log-analysis
  - .claude/skills/logging-best-practices
  - .claude/skills/markdown-documentation
  - .claude/skills/memory-leak-detection
  - .claude/skills/memory-optimization
  - .claude/skills/microservices-architecture
  - .claude/skills/ml-model-explanation
  - .claude/skills/ml-model-training
  - .claude/skills/ml-pipeline-automation
  - .claude/skills/mobile-app-debugging
  - .claude/skills/mobile-app-testing
  - .claude/skills/mobile-first-design
  - .claude/skills/mobile-offline-support
  - .claude/skills/mocking-stubbing
  - .claude/skills/model-deployment
  - .claude/skills/model-hyperparameter-tuning
  - .claude/skills/model-monitoring
  - .claude/skills/monorepo-management
  - .claude/skills/multi-cloud-strategy
  - .claude/skills/mutation-testing
  - .claude/skills/natural-language-processing
  - .claude/skills/network-analysis
  - .claude/skills/network-debugging
  - .claude/skills/network-security-groups
  - .claude/skills/neural-network-design
  - .claude/skills/nginx-configuration
  - .claude/skills/nodejs-express-server
  - .claude/skills/nosql-database-design
  - .claude/skills/oauth-implementation
  - .claude/skills/payment-gateway-integration
  - .claude/skills/penetration-testing
  - .claude/skills/performance-regression-debugging
  - .claude/skills/performance-testing
  - .claude/skills/polyglot-integration
  - .claude/skills/process-mapping
  - .claude/skills/profiling-optimization
  - .claude/skills/progressive-web-app
  - .claude/skills/project-estimation
  - .claude/skills/prometheus-monitoring
  - .claude/skills/property-based-testing
  - .claude/skills/pull-request-automation
  - .claude/skills/push-notification-setup
  - .claude/skills/query-caching-strategies
  - .claude/skills/rate-limiting-implementation
  - .claude/skills/react-component-architecture
  - .claude/skills/react-native-app
  - .claude/skills/reactive-programming
  - .claude/skills/real-time-features
  - .claude/skills/recommendation-engine
  - .claude/skills/recommendation-system
  - .claude/skills/refactor-legacy-code
  - .claude/skills/regression-modeling
  - .claude/skills/release-planning
  - .claude/skills/requirements-gathering
  - .claude/skills/responsive-web-design
  - .claude/skills/rest-api-design
  - .claude/skills/retrospective-facilitation
  - .claude/skills/risk-assessment
  - .claude/skills/root-cause-analysis
  - .claude/skills/ruby-rails-application
  - .claude/skills/runbook-creation
  - .claude/skills/secrets-management
  - .claude/skills/secrets-rotation
  - .claude/skills/security-audit-logging
  - .claude/skills/security-compliance-audit
  - .claude/skills/security-documentation
  - .claude/skills/security-headers-configuration
  - .claude/skills/security-testing
  - .claude/skills/semantic-versioning
  - .claude/skills/sentiment-analysis
  - .claude/skills/server-side-rendering
  - .claude/skills/serverless-architecture
  - .claude/skills/service-mesh-implementation
  - .claude/skills/session-management
  - .claude/skills/spring-boot-application
  - .claude/skills/sql-injection-prevention
  - .claude/skills/sql-query-optimization
  - .claude/skills/ssl-certificate-management
  - .claude/skills/stakeholder-communication
  - .claude/skills/static-code-analysis
  - .claude/skills/statistical-hypothesis-testing
  - .claude/skills/stored-procedures
  - .claude/skills/stress-testing
  - .claude/skills/survival-analysis
  - .claude/skills/synthetic-monitoring
  - .claude/skills/technical-debt-assessment
  - .claude/skills/technical-roadmap-planning
  - .claude/skills/technical-specification
  - .claude/skills/terraform-infrastructure
  - .claude/skills/test-automation-framework
  - .claude/skills/test-data-generation
  - .claude/skills/third-party-integration
  - .claude/skills/time-series-analysis
  - .claude/skills/transaction-management
  - .claude/skills/troubleshooting-guide
  - .claude/skills/unit-testing-framework
  - .claude/skills/uptime-monitoring
  - .claude/skills/user-guide-creation
  - .claude/skills/user-persona-creation
  - .claude/skills/user-research-analysis
  - .claude/skills/user-story-writing
  - .claude/skills/visual-regression-testing
  - .claude/skills/vue-application-structure
  - .claude/skills/vulnerability-scanning
  - .claude/skills/web-performance-audit
  - .claude/skills/web-performance-optimization
  - .claude/skills/webhook-development
  - .claude/skills/webhook-integration
  - .claude/skills/websocket-implementation
  - .claude/skills/wireframe-prototyping
  - .claude/skills/xss-prevention
  - .claude/skills/zero-trust-architecture
  - .cursor/skills/ab-test-analysis
  - .cursor/skills/access-control-rbac
  - .cursor/skills/accessibility-compliance
  - .cursor/skills/accessibility-testing
  - .cursor/skills/agile-sprint-planning
  - .cursor/skills/alert-management
  - .cursor/skills/android-kotlin-development
  - .cursor/skills/angular-module-design
  - .cursor/skills/anomaly-detection
  - .cursor/skills/ansible-automation
  - .cursor/skills/api-authentication
  - .cursor/skills/api-changelog-versioning
  - .cursor/skills/api-contract-testing
  - .cursor/skills/api-error-handling
  - .cursor/skills/api-filtering-sorting
  - .cursor/skills/api-gateway-configuration
  - .cursor/skills/api-pagination
  - .cursor/skills/api-rate-limiting
  - .cursor/skills/api-reference-documentation
  - .cursor/skills/api-response-optimization
  - .cursor/skills/api-security-hardening
  - .cursor/skills/api-versioning-strategy
  - .cursor/skills/app-store-deployment
  - .cursor/skills/application-logging
  - .cursor/skills/architecture-diagrams
  - .cursor/skills/artifact-management
  - .cursor/skills/autoscaling-configuration
  - .cursor/skills/aws-cloudfront-cdn
  - .cursor/skills/aws-ec2-setup
  - .cursor/skills/aws-lambda-functions
  - .cursor/skills/aws-rds-database
  - .cursor/skills/aws-s3-management
  - .cursor/skills/azure-app-service
  - .cursor/skills/azure-functions
  - .cursor/skills/background-job-processing
  - .cursor/skills/backup-disaster-recovery
  - .cursor/skills/batch-processing-jobs
  - .cursor/skills/blue-green-deployment
  - .cursor/skills/browser-debugging
  - .cursor/skills/bundle-size-optimization
  - .cursor/skills/business-case-development
  - .cursor/skills/caching-strategy
  - .cursor/skills/canary-deployment
  - .cursor/skills/capacity-planning
  - .cursor/skills/causal-inference
  - .cursor/skills/changelog-maintenance
  - .cursor/skills/cicd-pipeline-setup
  - .cursor/skills/circuit-breaker-pattern
  - .cursor/skills/classification-modeling
  - .cursor/skills/cloud-cost-management
  - .cursor/skills/cloud-migration-planning
  - .cursor/skills/cloud-security-configuration
  - .cursor/skills/cloud-storage-optimization
  - .cursor/skills/clustering-analysis
  - .cursor/skills/code-documentation
  - .cursor/skills/code-generation-template
  - .cursor/skills/code-metrics-analysis
  - .cursor/skills/code-review-analysis
  - .cursor/skills/cohort-analysis
  - .cursor/skills/color-accessibility
  - .cursor/skills/competitor-analysis
  - .cursor/skills/computer-vision
  - .cursor/skills/concurrency-patterns
  - .cursor/skills/configuration-management
  - .cursor/skills/container-debugging
  - .cursor/skills/container-registry-management
  - .cursor/skills/continuous-testing
  - .cursor/skills/correlation-analysis
  - .cursor/skills/correlation-tracing
  - .cursor/skills/cpu-profiling
  - .cursor/skills/cross-platform-compatibility
  - .cursor/skills/csrf-protection
  - .cursor/skills/css-architecture
  - .cursor/skills/data-cleaning-pipeline
  - .cursor/skills/data-encryption
  - .cursor/skills/data-migration-scripts
  - .cursor/skills/data-replication-setup
  - .cursor/skills/data-visualization
  - .cursor/skills/database-backup-restore
  - .cursor/skills/database-indexing-strategy
  - .cursor/skills/database-migration-management
  - .cursor/skills/database-monitoring
  - .cursor/skills/database-performance-debugging
  - .cursor/skills/database-query-optimization
  - .cursor/skills/database-schema-design
  - .cursor/skills/database-schema-documentation
  - .cursor/skills/database-sharding
  - .cursor/skills/dependency-management
  - .cursor/skills/dependency-tracking
  - .cursor/skills/deployment-automation
  - .cursor/skills/deployment-documentation
  - .cursor/skills/design-handoff
  - .cursor/skills/design-patterns-implementation
  - .cursor/skills/design-system-creation
  - .cursor/skills/developer-onboarding
  - .cursor/skills/dimensionality-reduction
  - .cursor/skills/disaster-recovery-testing
  - .cursor/skills/distributed-tracing
  - .cursor/skills/django-application
  - .cursor/skills/dns-management
  - .cursor/skills/docker-containerization
  - .cursor/skills/documentation-site-setup
  - .cursor/skills/e2e-testing-automation
  - .cursor/skills/email-service-integration
  - .cursor/skills/error-tracking
  - .cursor/skills/event-sourcing
  - .cursor/skills/exploratory-data-analysis
  - .cursor/skills/fastapi-development
  - .cursor/skills/feature-engineering
  - .cursor/skills/feature-flag-system
  - .cursor/skills/file-upload-handling
  - .cursor/skills/flask-api-development
  - .cursor/skills/flutter-development
  - .cursor/skills/form-validation
  - .cursor/skills/frontend-accessibility
  - .cursor/skills/frontend-routing
  - .cursor/skills/frontend-state-management
  - .cursor/skills/frontend-testing
  - .cursor/skills/funnel-analysis
  - .cursor/skills/gap-analysis
  - .cursor/skills/gcp-cloud-functions
  - .cursor/skills/gcp-cloud-run
  - .cursor/skills/git-hooks-setup
  - .cursor/skills/git-workflow-strategy
  - .cursor/skills/github-actions-workflow
  - .cursor/skills/gitlab-cicd-pipeline
  - .cursor/skills/graceful-shutdown
  - .cursor/skills/grafana-dashboard
  - .cursor/skills/graphql-implementation
  - .cursor/skills/grpc-service-development
  - .cursor/skills/health-check-endpoints
  - .cursor/skills/idempotency-handling
  - .cursor/skills/image-optimization
  - .cursor/skills/incident-response-plan
  - .cursor/skills/information-architecture
  - .cursor/skills/infrastructure-cost-optimization
  - .cursor/skills/infrastructure-monitoring
  - .cursor/skills/integration-testing
  - .cursor/skills/interaction-design
  - .cursor/skills/intermittent-issue-debugging
  - .cursor/skills/internationalization-i18n
  - .cursor/skills/ios-swift-development
  - .cursor/skills/jenkins-pipeline
  - .cursor/skills/kpi-dashboard-design
  - .cursor/skills/kubernetes-deployment
  - .cursor/skills/load-balancer-setup
  - .cursor/skills/log-aggregation
  - .cursor/skills/log-analysis
  - .cursor/skills/logging-best-practices
  - .cursor/skills/markdown-documentation
  - .cursor/skills/memory-leak-detection
  - .cursor/skills/memory-optimization
  - .cursor/skills/microservices-architecture
  - .cursor/skills/ml-model-explanation
  - .cursor/skills/ml-model-training
  - .cursor/skills/ml-pipeline-automation
  - .cursor/skills/mobile-app-debugging
  - .cursor/skills/mobile-app-testing
  - .cursor/skills/mobile-first-design
  - .cursor/skills/mobile-offline-support
  - .cursor/skills/mocking-stubbing
  - .cursor/skills/model-deployment
  - .cursor/skills/model-hyperparameter-tuning
  - .cursor/skills/model-monitoring
  - .cursor/skills/monorepo-management
  - .cursor/skills/multi-cloud-strategy
  - .cursor/skills/mutation-testing
  - .cursor/skills/natural-language-processing
  - .cursor/skills/network-analysis
  - .cursor/skills/network-debugging
  - .cursor/skills/network-security-groups
  - .cursor/skills/neural-network-design
  - .cursor/skills/nginx-configuration
  - .cursor/skills/nodejs-express-server
  - .cursor/skills/nosql-database-design
  - .cursor/skills/oauth-implementation
  - .cursor/skills/payment-gateway-integration
  - .cursor/skills/penetration-testing
  - .cursor/skills/performance-regression-debugging
  - .cursor/skills/performance-testing
  - .cursor/skills/polyglot-integration
  - .cursor/skills/process-mapping
  - .cursor/skills/profiling-optimization
  - .cursor/skills/progressive-web-app
  - .cursor/skills/project-estimation
  - .cursor/skills/prometheus-monitoring
  - .cursor/skills/property-based-testing
  - .cursor/skills/pull-request-automation
  - .cursor/skills/push-notification-setup
  - .cursor/skills/query-caching-strategies
  - .cursor/skills/rate-limiting-implementation
  - .cursor/skills/react-component-architecture
  - .cursor/skills/react-native-app
  - .cursor/skills/reactive-programming
  - .cursor/skills/real-time-features
  - .cursor/skills/recommendation-engine
  - .cursor/skills/recommendation-system
  - .cursor/skills/refactor-legacy-code
  - .cursor/skills/regression-modeling
  - .cursor/skills/release-planning
  - .cursor/skills/requirements-gathering
  - .cursor/skills/responsive-web-design
  - .cursor/skills/rest-api-design
  - .cursor/skills/retrospective-facilitation
  - .cursor/skills/risk-assessment
  - .cursor/skills/root-cause-analysis
  - .cursor/skills/ruby-rails-application
  - .cursor/skills/runbook-creation
  - .cursor/skills/secrets-management
  - .cursor/skills/secrets-rotation
  - .cursor/skills/security-audit-logging
  - .cursor/skills/security-compliance-audit
  - .cursor/skills/security-documentation
  - .cursor/skills/security-headers-configuration
  - .cursor/skills/security-testing
  - .cursor/skills/semantic-versioning
  - .cursor/skills/sentiment-analysis
  - .cursor/skills/server-side-rendering
  - .cursor/skills/serverless-architecture
  - .cursor/skills/service-mesh-implementation
  - .cursor/skills/session-management
  - .cursor/skills/spring-boot-application
  - .cursor/skills/sql-injection-prevention
  - .cursor/skills/sql-query-optimization
  - .cursor/skills/ssl-certificate-management
  - .cursor/skills/stakeholder-communication
  - .cursor/skills/static-code-analysis
  - .cursor/skills/statistical-hypothesis-testing
  - .cursor/skills/stored-procedures
  - .cursor/skills/stress-testing
  - .cursor/skills/survival-analysis
  - .cursor/skills/synthetic-monitoring
  - .cursor/skills/technical-debt-assessment
  - .cursor/skills/technical-roadmap-planning
  - .cursor/skills/technical-specification
  - .cursor/skills/terraform-infrastructure
  - .cursor/skills/test-automation-framework
  - .cursor/skills/test-data-generation
  - .cursor/skills/third-party-integration
  - .cursor/skills/time-series-analysis
  - .cursor/skills/transaction-management
  - .cursor/skills/troubleshooting-guide
  - .cursor/skills/unit-testing-framework
  - .cursor/skills/uptime-monitoring
  - .cursor/skills/user-guide-creation
  - .cursor/skills/user-persona-creation
  - .cursor/skills/user-research-analysis
  - .cursor/skills/user-story-writing
  - .cursor/skills/visual-regression-testing
  - .cursor/skills/vue-application-structure
  - .cursor/skills/vulnerability-scanning
  - .cursor/skills/web-performance-audit
  - .cursor/skills/web-performance-optimization
  - .cursor/skills/webhook-development
  - .cursor/skills/webhook-integration
  - .cursor/skills/websocket-implementation
  - .cursor/skills/wireframe-prototyping
  - .cursor/skills/xss-prevention
  - .cursor/skills/zero-trust-architecture
  - .github/skills/ab-test-analysis
  - .github/skills/access-control-rbac
  - .github/skills/accessibility-compliance
  - .github/skills/accessibility-testing
  - .github/skills/agile-sprint-planning
  - .github/skills/alert-management
  - .github/skills/android-kotlin-development
  - .github/skills/angular-module-design
  - .github/skills/anomaly-detection
  - .github/skills/ansible-automation
  - .github/skills/api-authentication
  - .github/skills/api-changelog-versioning
  - .github/skills/api-contract-testing
  - .github/skills/api-error-handling
  - .github/skills/api-filtering-sorting
  - .github/skills/api-gateway-configuration
  - .github/skills/api-pagination
  - .github/skills/api-rate-limiting
  - .github/skills/api-reference-documentation
  - .github/skills/api-response-optimization
  - .github/skills/api-security-hardening
  - .github/skills/api-versioning-strategy
  - .github/skills/app-store-deployment
  - .github/skills/application-logging
  - .github/skills/architecture-diagrams
  - .github/skills/artifact-management
  - .github/skills/autoscaling-configuration
  - .github/skills/aws-cloudfront-cdn
  - .github/skills/aws-ec2-setup
  - .github/skills/aws-lambda-functions
  - .github/skills/aws-rds-database
  - .github/skills/aws-s3-management
  - .github/skills/azure-app-service
  - .github/skills/azure-functions
  - .github/skills/background-job-processing
  - .github/skills/backup-disaster-recovery
  - .github/skills/batch-processing-jobs
  - .github/skills/blue-green-deployment
  - .github/skills/browser-debugging
  - .github/skills/bundle-size-optimization
  - .github/skills/business-case-development
  - .github/skills/caching-strategy
  - .github/skills/canary-deployment
  - .github/skills/capacity-planning
  - .github/skills/causal-inference
  - .github/skills/changelog-maintenance
  - .github/skills/cicd-pipeline-setup
  - .github/skills/circuit-breaker-pattern
  - .github/skills/classification-modeling
  - .github/skills/cloud-cost-management
  - .github/skills/cloud-migration-planning
  - .github/skills/cloud-security-configuration
  - .github/skills/cloud-storage-optimization
  - .github/skills/clustering-analysis
  - .github/skills/code-documentation
  - .github/skills/code-generation-template
  - .github/skills/code-metrics-analysis
  - .github/skills/code-review-analysis
  - .github/skills/cohort-analysis
  - .github/skills/color-accessibility
  - .github/skills/competitor-analysis
  - .github/skills/computer-vision
  - .github/skills/concurrency-patterns
  - .github/skills/configuration-management
  - .github/skills/container-debugging
  - .github/skills/container-registry-management
  - .github/skills/continuous-testing
  - .github/skills/correlation-analysis
  - .github/skills/correlation-tracing
  - .github/skills/cpu-profiling
  - .github/skills/cross-platform-compatibility
  - .github/skills/csrf-protection
  - .github/skills/css-architecture
  - .github/skills/data-cleaning-pipeline
  - .github/skills/data-encryption
  - .github/skills/data-migration-scripts
  - .github/skills/data-replication-setup
  - .github/skills/data-visualization
  - .github/skills/database-backup-restore
  - .github/skills/database-indexing-strategy
  - .github/skills/database-migration-management
  - .github/skills/database-monitoring
  - .github/skills/database-performance-debugging
  - .github/skills/database-query-optimization
  - .github/skills/database-schema-design
  - .github/skills/database-schema-documentation
  - .github/skills/database-sharding
  - .github/skills/dependency-management
  - .github/skills/dependency-tracking
  - .github/skills/deployment-automation
  - .github/skills/deployment-documentation
  - .github/skills/design-handoff
  - .github/skills/design-patterns-implementation
  - .github/skills/design-system-creation
  - .github/skills/developer-onboarding
  - .github/skills/dimensionality-reduction
  - .github/skills/disaster-recovery-testing
  - .github/skills/distributed-tracing
  - .github/skills/django-application
  - .github/skills/dns-management
  - .github/skills/docker-containerization
  - .github/skills/documentation-site-setup
  - .github/skills/e2e-testing-automation
  - .github/skills/email-service-integration
  - .github/skills/error-tracking
  - .github/skills/event-sourcing
  - .github/skills/exploratory-data-analysis
  - .github/skills/fastapi-development
  - .github/skills/feature-engineering
  - .github/skills/feature-flag-system
  - .github/skills/file-upload-handling
  - .github/skills/flask-api-development
  - .github/skills/flutter-development
  - .github/skills/form-validation
  - .github/skills/frontend-accessibility
  - .github/skills/frontend-routing
  - .github/skills/frontend-state-management
  - .github/skills/frontend-testing
  - .github/skills/funnel-analysis
  - .github/skills/gap-analysis
  - .github/skills/gcp-cloud-functions
  - .github/skills/gcp-cloud-run
  - .github/skills/git-hooks-setup
  - .github/skills/git-workflow-strategy
  - .github/skills/github-actions-workflow
  - .github/skills/gitlab-cicd-pipeline
  - .github/skills/graceful-shutdown
  - .github/skills/grafana-dashboard
  - .github/skills/graphql-implementation
  - .github/skills/grpc-service-development
  - .github/skills/health-check-endpoints
  - .github/skills/idempotency-handling
  - .github/skills/image-optimization
  - .github/skills/incident-response-plan
  - .github/skills/information-architecture
  - .github/skills/infrastructure-cost-optimization
  - .github/skills/infrastructure-monitoring
  - .github/skills/integration-testing
  - .github/skills/interaction-design
  - .github/skills/intermittent-issue-debugging
  - .github/skills/internationalization-i18n
  - .github/skills/ios-swift-development
  - .github/skills/jenkins-pipeline
  - .github/skills/kpi-dashboard-design
  - .github/skills/kubernetes-deployment
  - .github/skills/load-balancer-setup
  - .github/skills/log-aggregation
  - .github/skills/log-analysis
  - .github/skills/logging-best-practices
  - .github/skills/markdown-documentation
  - .github/skills/memory-leak-detection
  - .github/skills/memory-optimization
  - .github/skills/microservices-architecture
  - .github/skills/ml-model-explanation
  - .github/skills/ml-model-training
  - .github/skills/ml-pipeline-automation
  - .github/skills/mobile-app-debugging
  - .github/skills/mobile-app-testing
  - .github/skills/mobile-first-design
  - .github/skills/mobile-offline-support
  - .github/skills/mocking-stubbing
  - .github/skills/model-deployment
  - .github/skills/model-hyperparameter-tuning
  - .github/skills/model-monitoring
  - .github/skills/monorepo-management
  - .github/skills/multi-cloud-strategy
  - .github/skills/mutation-testing
  - .github/skills/natural-language-processing
  - .github/skills/network-analysis
  - .github/skills/network-debugging
  - .github/skills/network-security-groups
  - .github/skills/neural-network-design
  - .github/skills/nginx-configuration
  - .github/skills/nodejs-express-server
  - .github/skills/nosql-database-design
  - .github/skills/oauth-implementation
  - .github/skills/payment-gateway-integration
  - .github/skills/penetration-testing
  - .github/skills/performance-regression-debugging
  - .github/skills/performance-testing
  - .github/skills/polyglot-integration
  - .github/skills/process-mapping
  - .github/skills/profiling-optimization
  - .github/skills/progressive-web-app
  - .github/skills/project-estimation
  - .github/skills/prometheus-monitoring
  - .github/skills/property-based-testing
  - .github/skills/pull-request-automation
  - .github/skills/push-notification-setup
  - .github/skills/query-caching-strategies
  - .github/skills/rate-limiting-implementation
  - .github/skills/react-component-architecture
  - .github/skills/react-native-app
  - .github/skills/reactive-programming
  - .github/skills/real-time-features
  - .github/skills/recommendation-engine
  - .github/skills/recommendation-system
  - .github/skills/refactor-legacy-code
  - .github/skills/regression-modeling
  - .github/skills/release-planning
  - .github/skills/requirements-gathering
  - .github/skills/responsive-web-design
  - .github/skills/rest-api-design
  - .github/skills/retrospective-facilitation
  - .github/skills/risk-assessment
  - .github/skills/root-cause-analysis
  - .github/skills/ruby-rails-application
  - .github/skills/runbook-creation
  - .github/skills/secrets-management
  - .github/skills/secrets-rotation
  - .github/skills/security-audit-logging
  - .github/skills/security-compliance-audit
  - .github/skills/security-documentation
  - .github/skills/security-headers-configuration
  - .github/skills/security-testing
  - .github/skills/semantic-versioning
  - .github/skills/sentiment-analysis
  - .github/skills/server-side-rendering
  - .github/skills/serverless-architecture
  - .github/skills/service-mesh-implementation
  - .github/skills/session-management
  - .github/skills/spring-boot-application
  - .github/skills/sql-injection-prevention
  - .github/skills/sql-query-optimization
  - .github/skills/ssl-certificate-management
  - .github/skills/stakeholder-communication
  - .github/skills/static-code-analysis
  - .github/skills/statistical-hypothesis-testing
  - .github/skills/stored-procedures
  - .github/skills/stress-testing
  - .github/skills/survival-analysis
  - .github/skills/synthetic-monitoring
  - .github/skills/technical-debt-assessment
  - .github/skills/technical-roadmap-planning
  - .github/skills/technical-specification
  - .github/skills/terraform-infrastructure
  - .github/skills/test-automation-framework
  - .github/skills/test-data-generation
  - .github/skills/third-party-integration
  - .github/skills/time-series-analysis
  - .github/skills/transaction-management
  - .github/skills/troubleshooting-guide
  - .github/skills/unit-testing-framework
  - .github/skills/uptime-monitoring
  - .github/skills/user-guide-creation
  - .github/skills/user-persona-creation
  - .github/skills/user-research-analysis
  - .github/skills/user-story-writing
  - .github/skills/visual-regression-testing
  - .github/skills/vue-application-structure
  - .github/skills/vulnerability-scanning
  - .github/skills/web-performance-audit
  - .github/skills/web-performance-optimization
  - .github/skills/webhook-development
  - .github/skills/webhook-integration
  - .github/skills/websocket-implementation
  - .github/skills/wireframe-prototyping
  - .github/skills/xss-prevention
  - .github/skills/zero-trust-architecture
  content_hash: sha256:4e3ddc7beb9150a37b446e773752cd52820822daf6af4a1e3d4f577583692b32
- repo_url: cskiro/claudex
  host: github.com
  resolved_commit: 83e2be1c34eafdd9ee8f3107728b60f80e1db98f
  resolved_ref: marketplace@6.2.0
  virtual_path: plugins/otel-monitoring-setup
  is_virtual: true
  package_type: skill_bundle
  deployed_files:
  - .claude/skills/otel-monitoring-setup
  - .cursor/skills/otel-monitoring-setup
  - .github/skills/otel-monitoring-setup
  content_hash: sha256:878556ef371c2d77f7bcca238bed605aac5da356646005f9e26e70fae4e3a4ee
- repo_url: emaynard/claude-family-history-research-skill
  host: github.com
  resolved_commit: 8b153b306a955ce5cec3fac3d33261b1b732ab97
  resolved_ref: v1.0.6
  package_type: claude_skill
  deployed_files:
  - .claude/skills/claude-family-history-research-skill
  - .cursor/skills/claude-family-history-research-skill
  - .github/skills/claude-family-history-research-skill
  content_hash: sha256:be0abf53c7f1726c134cb1e5d7c92e2be48acb889b82489bb92d76aa73774faf
- repo_url: jeffallan/claude-skills
  host: github.com
  resolved_commit: efebc44c90ae6eb3b36ff1c53802a765418481b9
  resolved_ref: v0.4.13
  virtual_path: skills/kubernetes-specialist
  is_virtual: true
  package_type: claude_skill
  deployed_files:
  - .claude/skills/kubernetes-specialist
  - .cursor/skills/kubernetes-specialist
  - .github/skills/kubernetes-specialist
  content_hash: sha256:dc7dfeb059ef078086ac9177eb402caef391d3474bc2bb42ec3a7f2f8d8a0fd5
- repo_url: michalparkola/tapestry-skills
  host: github.com
  resolved_commit: 80e1dc56df74d1cb849ad649c7ead9756e7929bb
  resolved_ref: 80e1dc56df74d1cb849ad649c7ead9756e7929bb
  virtual_path: article-extractor
  is_virtual: true
  package_type: claude_skill
  deployed_files:
  - .claude/skills/article-extractor
  - .cursor/skills/article-extractor
  - .github/skills/article-extractor
  content_hash: sha256:fc3369b15640de9af0409396aac9cc7608c3aa48f902b4a80f92f98a924a1429
- repo_url: michalparkola/tapestry-skills
  host: github.com
  resolved_commit: 80e1dc56df74d1cb849ad649c7ead9756e7929bb
  resolved_ref: 80e1dc56df74d1cb849ad649c7ead9756e7929bb
  virtual_path: learn-this
  is_virtual: true
  package_type: claude_skill
  deployed_files:
  - .claude/skills/learn-this
  - .cursor/skills/learn-this
  - .github/skills/learn-this
  content_hash: sha256:cb479a7a8c1517ce520ce25f36e9cb8681fd9159e999f718a87f219d0fe87ce0
- repo_url: michalparkola/tapestry-skills
  host: github.com
  resolved_commit: 80e1dc56df74d1cb849ad649c7ead9756e7929bb
  resolved_ref: 80e1dc56df74d1cb849ad649c7ead9756e7929bb
  virtual_path: scrum-sage
  is_virtual: true
  package_type: claude_skill
  deployed_files:
  - .claude/skills/scrum-sage
  - .cursor/skills/scrum-sage
  - .github/skills/scrum-sage
  content_hash: sha256:745a6dafdd686ef6c8f360f6669eb425b9bfa63fd8c8128666c81f8f2f962168
- repo_url: michalparkola/tapestry-skills
  host: github.com
  resolved_commit: 80e1dc56df74d1cb849ad649c7ead9756e7929bb
  resolved_ref: 80e1dc56df74d1cb849ad649c7ead9756e7929bb
  virtual_path: session-log
  is_virtual: true
  package_type: claude_skill
  deployed_files:
  - .claude/skills/session-log
  - .cursor/skills/session-log
  - .github/skills/session-log
  content_hash: sha256:eb6b207be2a78a0d3fcd361ac4dfb6bd370dc429d0ab4765f9dde7f858d51204
- repo_url: michalparkola/tapestry-skills
  host: github.com
  resolved_commit: 80e1dc56df74d1cb849ad649c7ead9756e7929bb
  resolved_ref: 80e1dc56df74d1cb849ad649c7ead9756e7929bb
  virtual_path: ship-learn-next
  is_virtual: true
  package_type: claude_skill
  deployed_files:
  - .claude/skills/ship-learn-next
  - .cursor/skills/ship-learn-next
  - .github/skills/ship-learn-next
  content_hash: sha256:e04c6a8a8008e8d4bd736c345e83ffdba1d61b6b9fe861ff16cff5008481ea7d
- repo_url: michalparkola/tapestry-skills
  host: github.com
  resolved_commit: 80e1dc56df74d1cb849ad649c7ead9756e7929bb
  resolved_ref: 80e1dc56df74d1cb849ad649c7ead9756e7929bb
  virtual_path: unblock-action
  is_virtual: true
  package_type: claude_skill
  deployed_files:
  - .claude/skills/unblock-action
  - .cursor/skills/unblock-action
  - .github/skills/unblock-action
  content_hash: sha256:ab77e0ebe24938da3801e20ba894d8430edeeebcacfc81b9bd4d8337b3f3205b
- repo_url: michalparkola/tapestry-skills
  host: github.com
  resolved_commit: 80e1dc56df74d1cb849ad649c7ead9756e7929bb
  resolved_ref: 80e1dc56df74d1cb849ad649c7ead9756e7929bb
  virtual_path: youtube-transcript
  is_virtual: true
  package_type: claude_skill
  deployed_files:
  - .claude/skills/youtube-transcript
  - .cursor/skills/youtube-transcript
  - .github/skills/youtube-transcript
  content_hash: sha256:e5e29eb320d2e31eb0f0d628500d8839baac3494a1a7a51be8387d948098d3a3
- repo_url: ryanbbrown/revealjs-skill
  host: github.com
  resolved_commit: 188e0dc90056a4d59f457fefb70c63eefac2b0a2
  resolved_ref: 188e0dc90056a4d59f457fefb70c63eefac2b0a2
  package_type: marketplace_plugin
  deployed_files:
  - .claude/skills/revealjs
  - .cursor/skills/revealjs
  - .github/skills/revealjs
  content_hash: sha256:eb0fa4aab41858ee74a66480bf9791f524b1fbc62f921499629005a4284a4531
- repo_url: sanjay3290/ai-skills
  host: github.com
  resolved_commit: cde1c8385ead64df501c9b214e63d7ba9b283ff9
  resolved_ref: cde1c8385ead64df501c9b214e63d7ba9b283ff9
  virtual_path: skills/deep-research
  is_virtual: true
  package_type: claude_skill
  deployed_files:
  - .claude/skills/deep-research
  - .cursor/skills/deep-research
  - .github/skills/deep-research
  content_hash: sha256:978e5b1b36609b9324ccf25746df6c04a3e83c79fbed9e80409bd800f00bb1e2
mcp_servers:
- kubernetes
- mise
- pulumi
mcp_configs:
  kubernetes:
    name: kubernetes
    transport: stdio
    args:
    - -y
    - kubernetes-mcp-server
    registry: false
    command: npx
  mise:
    name: mise
    transport: stdio
    env:
      MISE_EXPERIMENTAL: '1'
    args:
    - mcp
    registry: false
    command: mise
  pulumi:
    name: pulumi
    transport: stdio
    args:
    - -y
    - '@pulumi/mcp-server'
    - stdio
    registry: false
    command: npx
